{
  "name": "Create-Dev",
  "lockfileVersion": 3,
  "requires": true,
  "packages": {
    "": {
      "dependencies": {
        "@minecraft/server": "^1.7.0-beta.1.20.40-preview.22",
        "@minecraft/server-gametest": "^1.0.0-beta.1.20.40-preview.22",
        "@minecraft/server-ui": "^1.2.0-beta.1.20.40-preview.22"
      }
    },
    "node_modules/@minecraft/server": {
      "version": "1.7.0-beta.1.20.40-preview.22",
      "resolved": "https://registry.npmjs.org/@minecraft/server/-/server-1.7.0-beta.1.20.40-preview.22.tgz",
      "integrity": "sha512-nNC6QhsEjUk+WNyJxCGdhgXfPF3UEsli9ePzC1B76o/UM18xJzRMc2XsXjTqNBJNTQvp8n51sxvKcV5alSfqmw=="
    },
    "node_modules/@minecraft/server-gametest": {
      "version": "1.0.0-beta.1.20.40-preview.22",
      "resolved": "https://registry.npmjs.org/@minecraft/server-gametest/-/server-gametest-1.0.0-beta.1.20.40-preview.22.tgz",
      "integrity": "sha512-m6mZivGwTlv6lPOUhvFFRSr+5nBj4GVRqi09Tf4VzV8lnVs+HrwbotXXBoDmGkS/LtMbeM7IO6wDLEkgECOnuQ==",
      "dependencies": {
        "@minecraft/server": "^1.7.0-beta.1.20.40-preview.22"
      }
    },
    "node_modules/@minecraft/server-ui": {
      "version": "1.2.0-beta.1.20.40-preview.22",
      "resolved": "https://registry.npmjs.org/@minecraft/server-ui/-/server-ui-1.2.0-beta.1.20.40-preview.22.tgz",
      "integrity": "sha512-3vLPl5mUFFb73vSxeZdDo2SnW1OT+G7tUowyJHZVoUNvpLPi6XnJdcFujH8wmgEhTawyxZ4YFotoi1onT8PnXw==",
      "dependencies": {
        "@minecraft/server": "^1.7.0-beta.1.20.40-preview.22"
      }
    }
  }
}
